
Microsoft Visual Studio Solution File, Format Version 12.00
# Visual Studio 15
Project("{FAE04EC0-301F-11D3-BF4B-00C04F79EFBC}") = "XCarousel.Touch", "XCarousel.Touch\XCarousel.Touch.csproj", "{61DC4D18-AF16-4AF2-BF29-A41BEA477EE0}"
EndProject
Project("{FAE04EC0-301F-11D3-BF4B-00C04F79EFBC}") = "XCarousel.Droid", "XCarousel.Droid\XCarousel.Droid.csproj", "{DAD3C796-D832-47C4-AA21-3FD385C2AC8A}"
EndProject
Project("{FAE04EC0-301F-11D3-BF4B-00C04F79EFBC}") = "XCarousel.Droid.Sample", "XCarousel.Droid.Sample\XCarousel.Droid.Sample.csproj", "{9D20B816-3A5C-4766-BE81-3A63B7678E95}"
EndProject
Project("{FAE04EC0-301F-11D3-BF4B-00C04F79EFBC}") = "XCarousel.Touch.Sample", "XCarousel.Touch.Sample\XCarousel.Touch.Sample.csproj", "{0CCCC7ED-A229-4E6B-A9B5-3BA560119517}"
EndProject
Project("{2150E333-8FDC-42A3-9474-1A3956D46DE8}") = "Solution Items", "Solution Items", "{9A08B431-64C0-4F3F-A935-1AAC724F1A7F}"
	ProjectSection(SolutionItems) = preProject
		XCarousel.nuspec = XCarousel.nuspec
	EndProjectSection
EndProject
Global
	GlobalSection(SolutionConfigurationPlatforms) = preSolution
		Debug|iPhoneSimulator = Debug|iPhoneSimulator
		Release|iPhone = Release|iPhone
		Release|iPhoneSimulator = Release|iPhoneSimulator
		Debug|iPhone = Debug|iPhone
	EndGlobalSection
	GlobalSection(ProjectConfigurationPlatforms) = postSolution
		{61DC4D18-AF16-4AF2-BF29-A41BEA477EE0}.Debug|iPhoneSimulator.ActiveCfg = Debug|iPhoneSimulator
		{61DC4D18-AF16-4AF2-BF29-A41BEA477EE0}.Debug|iPhoneSimulator.Build.0 = Debug|iPhoneSimulator
		{61DC4D18-AF16-4AF2-BF29-A41BEA477EE0}.Release|iPhone.ActiveCfg = Release|iPhone
		{61DC4D18-AF16-4AF2-BF29-A41BEA477EE0}.Release|iPhone.Build.0 = Release|iPhone
		{61DC4D18-AF16-4AF2-BF29-A41BEA477EE0}.Release|iPhoneSimulator.ActiveCfg = Release|iPhoneSimulator
		{61DC4D18-AF16-4AF2-BF29-A41BEA477EE0}.Release|iPhoneSimulator.Build.0 = Release|iPhoneSimulator
		{61DC4D18-AF16-4AF2-BF29-A41BEA477EE0}.Debug|iPhone.ActiveCfg = Debug|iPhone
		{61DC4D18-AF16-4AF2-BF29-A41BEA477EE0}.Debug|iPhone.Build.0 = Debug|iPhone
		{DAD3C796-D832-47C4-AA21-3FD385C2AC8A}.Debug|iPhoneSimulator.ActiveCfg = Debug|Any CPU
		{DAD3C796-D832-47C4-AA21-3FD385C2AC8A}.Debug|iPhoneSimulator.Build.0 = Debug|Any CPU
		{DAD3C796-D832-47C4-AA21-3FD385C2AC8A}.Release|iPhone.ActiveCfg = Release|Any CPU
		{DAD3C796-D832-47C4-AA21-3FD385C2AC8A}.Release|iPhone.Build.0 = Release|Any CPU
		{DAD3C796-D832-47C4-AA21-3FD385C2AC8A}.Release|iPhoneSimulator.ActiveCfg = Release|Any CPU
		{DAD3C796-D832-47C4-AA21-3FD385C2AC8A}.Release|iPhoneSimulator.Build.0 = Release|Any CPU
		{DAD3C796-D832-47C4-AA21-3FD385C2AC8A}.Debug|iPhone.ActiveCfg = Debug|Any CPU
		{DAD3C796-D832-47C4-AA21-3FD385C2AC8A}.Debug|iPhone.Build.0 = Debug|Any CPU
		{9D20B816-3A5C-4766-BE81-3A63B7678E95}.Debug|iPhoneSimulator.ActiveCfg = Debug|Any CPU
		{9D20B816-3A5C-4766-BE81-3A63B7678E95}.Debug|iPhoneSimulator.Build.0 = Debug|Any CPU
		{9D20B816-3A5C-4766-BE81-3A63B7678E95}.Release|iPhone.ActiveCfg = Release|Any CPU
		{9D20B816-3A5C-4766-BE81-3A63B7678E95}.Release|iPhone.Build.0 = Release|Any CPU
		{9D20B816-3A5C-4766-BE81-3A63B7678E95}.Release|iPhoneSimulator.ActiveCfg = Release|Any CPU
		{9D20B816-3A5C-4766-BE81-3A63B7678E95}.Release|iPhoneSimulator.Build.0 = Release|Any CPU
		{9D20B816-3A5C-4766-BE81-3A63B7678E95}.Debug|iPhone.ActiveCfg = Debug|Any CPU
		{9D20B816-3A5C-4766-BE81-3A63B7678E95}.Debug|iPhone.Build.0 = Debug|Any CPU
		{0CCCC7ED-A229-4E6B-A9B5-3BA560119517}.Debug|iPhoneSimulator.ActiveCfg = Debug|iPhoneSimulator
		{0CCCC7ED-A229-4E6B-A9B5-3BA560119517}.Debug|iPhoneSimulator.Build.0 = Debug|iPhoneSimulator
		{0CCCC7ED-A229-4E6B-A9B5-3BA560119517}.Release|iPhone.ActiveCfg = Release|iPhone
		{0CCCC7ED-A229-4E6B-A9B5-3BA560119517}.Release|iPhone.Build.0 = Release|iPhone
		{0CCCC7ED-A229-4E6B-A9B5-3BA560119517}.Release|iPhoneSimulator.ActiveCfg = Release|iPhoneSimulator
		{0CCCC7ED-A229-4E6B-A9B5-3BA560119517}.Release|iPhoneSimulator.Build.0 = Release|iPhoneSimulator
		{0CCCC7ED-A229-4E6B-A9B5-3BA560119517}.Debug|iPhone.ActiveCfg = Debug|iPhone
		{0CCCC7ED-A229-4E6B-A9B5-3BA560119517}.Debug|iPhone.Build.0 = Debug|iPhone
	EndGlobalSection
EndGlobal
